
Microsoft Visual Studio Solution File, Format Version 12.00
# Visual Studio Version 17
VisualStudioVersion = 17.3.32825.248
MinimumVisualStudioVersion = 10.0.40219.1
Project("{FAE04EC0-301F-11D3-BF4B-00C04F79EFBC}") = "registrodeusuario", "registrodeusuario\registrodeusuario.csproj", "{4A673C4A-132F-498A-9FD2-DB41A996E61B}"
EndProject
Global
	GlobalSection(SolutionConfigurationPlatforms) = preSolution
		Debug|Any CPU = Debug|Any CPU
		Release|Any CPU = Release|Any CPU
	EndGlobalSection
	GlobalSection(ProjectConfigurationPlatforms) = postSolution
		{4A673C4A-132F-498A-9FD2-DB41A996E61B}.Debug|Any CPU.ActiveCfg = Debug|Any CPU
		{4A673C4A-132F-498A-9FD2-DB41A996E61B}.Debug|Any CPU.Build.0 = Debug|Any CPU
		{4A673C4A-132F-498A-9FD2-DB41A996E61B}.Release|Any CPU.ActiveCfg = Release|Any CPU
		{4A673C4A-132F-498A-9FD2-DB41A996E61B}.Release|Any CPU.Build.0 = Release|Any CPU
	EndGlobalSection
	GlobalSection(SolutionProperties) = preSolution
		HideSolutionNode = FALSE
	EndGlobalSection
	GlobalSection(ExtensibilityGlobals) = postSolution
		SolutionGuid = {7AA12008-762B-4EE5-8D96-D3594A41D687}
	EndGlobalSection
EndGlobal
